# THIS IS AN AUTOGENERATED FILE. DO NOT EDIT THIS FILE DIRECTLY.
# yarn lockfile v1


"@babel/parser@^7.4.4":
  version "7.4.5"
  resolved "https://registry.yarnpkg.com/@babel/parser/-/parser-7.4.5.tgz#04af8d5d5a2b044a2a1bffacc1e5e6673544e872"
  integrity sha512-9mUqkL1FF5T7f0WDFfAoDdiMVPWsdD1gZYzSnaXsxUCUqzuch/8of9G3VUSNiZmMBoRxT3neyVsqeiL/ZPcjew==

argparse@^1.0.7:
  version "1.0.10"
  resolved "https://registry.yarnpkg.com/argparse/-/argparse-1.0.10.tgz#bcd6791ea5ae09725e17e5ad988134cd40b3d911"
  integrity sha512-o5Roy6tNG4SL/FOkCAN6RzjiakZS25RLYFrcMttJqbdd8BWrnA+fGz57iN5Pb06pvBGvl5gQ0B48dJlslXvoTg==
  dependencies:
    sprintf-js "~1.0.2"

balanced-match@^1.0.0:
  version "1.0.0"
  resolved "https://registry.yarnpkg.com/balanced-match/-/balanced-match-1.0.0.tgz#89b4d199ab2bee49de164ea02b89ce462d71b767"
  integrity sha1-ibTRmasr7kneFk6gK4nORi1xt2c=

big.js@^5.2.2:
  version "5.2.2"
  resolved "https://registry.yarnpkg.com/big.js/-/big.js-5.2.2.tgz#65f0af382f578bcdc742bd9c281e9cb2d7768328"
  integrity sha512-vyL2OymJxmarO8gxMr0mhChsO9QGwhynfuu4+MHTAW6czfq9humCB7rKpUjDd9YUiDPU4mzpyupFSvOClAwbmQ==

bluebird@^3.5.4:
  version "3.5.5"
  resolved "https://registry.yarnpkg.com/bluebird/-/bluebird-3.5.5.tgz#a8d0afd73251effbbd5fe384a77d73003c17a71f"
  integrity sha512-5am6HnnfN+urzt4yfg7IgTbotDjIT/u8AJpEt0sIU9FtXfVeezXAPKswrG+xKUCOYAINpSdgZVDU6QFh+cuH3w==

brace-expansion@^1.1.7:
  version "1.1.11"
  resolved "https://registry.yarnpkg.com/brace-expansion/-/brace-expansion-1.1.11.tgz#3c7fcbf529d87226f3d2f52b966ff5271eb441dd"
  integrity sha512-iCuPHDFgrHX7H2vEI/5xpz07zSHB00TpugqhmYtVmMO6518mCuRMoOYFldEBl0g187ufozdaHgWKcYFb61qGiA==
  dependencies:
    balanced-match "^1.0.0"
    concat-map "0.0.1"

catharsis@^0.8.10:
  version "0.8.10"
  resolved "https://registry.yarnpkg.com/catharsis/-/catharsis-0.8.10.tgz#364198c1fbf084ae17028ee33ec7db53ca942ee6"
  integrity sha512-l2OUaz/3PU3MZylspVFJvwHCVfWyvcduPq4lv3AzZ2pJzZCo7kNKFNyatwujD7XgvGkNAE/Jhhbh2uARNwNkfw==
  dependencies:
    lodash "^4.17.11"

concat-map@0.0.1:
  version "0.0.1"
  resolved "https://registry.yarnpkg.com/concat-map/-/concat-map-0.0.1.tgz#d8a96bd77fd68df7793a73036a3ba0d5405d477b"
  integrity sha1-2Klr13/Wjfd5OnMDajug1UBdR3s=

dts-dom@^3.2.0:
  version "3.3.0"
  resolved "https://registry.yarnpkg.com/dts-dom/-/dts-dom-3.3.0.tgz#b040a88bbbac42e02318dbe429eb1c6c393eb96e"
  integrity sha512-k1ZsLGLxU8cd32cLL2DL5LmM5vvbaPMqnqnIqnvI5Wy22vr8M2LUuk3FFcEDKxSX+6h4G1TGQE7MDv2sRQk5Fg==

emojis-list@^2.0.0:
  version "2.1.0"
  resolved "https://registry.yarnpkg.com/emojis-list/-/emojis-list-2.1.0.tgz#4daa4d9db00f9819880c79fa457ae5b09a1fd389"
  integrity sha1-TapNnbAPmBmIDHn6RXrlsJof04k=

entities@~1.1.1:
  version "1.1.2"
  resolved "https://registry.yarnpkg.com/entities/-/entities-1.1.2.tgz#bdfa735299664dfafd34529ed4f8522a275fea56"
  integrity sha512-f2LZMYl1Fzu7YSBKg+RoROelpOaNrcGmE9AZubeDfrCEia483oW4MI4VyFd5VNHIgQ/7qm1I0wUHK1eJnn2y2w==

escape-string-regexp@^2.0.0:
  version "2.0.0"
  resolved "https://registry.yarnpkg.com/escape-string-regexp/-/escape-string-regexp-2.0.0.tgz#a30304e99daa32e23b2fd20f51babd07cffca344"
  integrity sha512-UpzcLCXolUWcNu5HtVMHYdXJjArjsF9C0aNnquZYY4uW/Vu0miy5YoWvbV345HauVvcAUnpRuhMMcqTcGOY2+w==

eventemitter3@^3.1.0:
  version "3.1.2"
  resolved "https://registry.yarnpkg.com/eventemitter3/-/eventemitter3-3.1.2.tgz#2d3d48f9c346698fce83a85d7d664e98535df6e7"
  integrity sha512-tvtQIeLVHjDkJYnzf2dgVMxfuSGJeM/7UCG17TT4EumTfNtF+0nebF/4zWOIkCreAbtNqhGEboB6BWrwqNaw4Q==

exports-loader@^0.7.0:
  version "0.7.0"
  resolved "https://registry.yarnpkg.com/exports-loader/-/exports-loader-0.7.0.tgz#84881c784dea6036b8e1cd1dac3da9b6409e21a5"
  integrity sha512-RKwCrO4A6IiKm0pG3c9V46JxIHcDplwwGJn6+JJ1RcVnh/WSGJa0xkmk5cRVtgOPzCAtTMGj2F7nluh9L0vpSA==
  dependencies:
    loader-utils "^1.1.0"
    source-map "0.5.0"

file-match@^1.0.1:
  version "1.0.2"
  resolved "https://registry.yarnpkg.com/file-match/-/file-match-1.0.2.tgz#c9cad265d2c8adf3a81475b0df475859069faef7"
  integrity sha1-ycrSZdLIrfOoFHWw30dYWQafrvc=
  dependencies:
    utils-extend "^1.0.6"

file-system@2.2.2:
  version "2.2.2"
  resolved "https://registry.yarnpkg.com/file-system/-/file-system-2.2.2.tgz#7d65833e3a2347dcd956a813c677153ed3edd987"
  integrity sha1-fWWDPjojR9zZVqgTxncVPtPt2Yc=
  dependencies:
    file-match "^1.0.1"
    utils-extend "^1.0.4"

graceful-fs@^4.1.9:
  version "4.1.15"
  resolved "https://registry.yarnpkg.com/graceful-fs/-/graceful-fs-4.1.15.tgz#ffb703e1066e8a0eeaa4c8b80ba9253eeefbfb00"
  integrity sha512-6uHUhOPEBgQ24HM+r6b/QwWfZq+yiFcipKFrOFiBEnWdy5sdzYoi+pJeQaPI5qOLRFqWmAXUPQNsielzdLoecA==

imports-loader@^0.8.0:
  version "0.8.0"
  resolved "https://registry.yarnpkg.com/imports-loader/-/imports-loader-0.8.0.tgz#030ea51b8ca05977c40a3abfd9b4088fe0be9a69"
  integrity sha512-kXWL7Scp8KQ4552ZcdVTeaQCZSLW+e6nJfp3cwUMB673T7Hr98Xjx5JK+ql7ADlJUvj1JS5O01RLbKoutN5QDQ==
  dependencies:
    loader-utils "^1.0.2"
    source-map "^0.6.1"

inherits@2.0.3:
  version "2.0.3"
  resolved "https://registry.yarnpkg.com/inherits/-/inherits-2.0.3.tgz#633c2c83e3da42a502f52466022480f4208261de"
  integrity sha1-Yzwsg+PaQqUC9SRmAiSA9CCCYd4=

js2xmlparser@^4.0.0:
  version "4.0.0"
  resolved "https://registry.yarnpkg.com/js2xmlparser/-/js2xmlparser-4.0.0.tgz#ae14cc711b2892083eed6e219fbc993d858bc3a5"
  integrity sha512-WuNgdZOXVmBk5kUPMcTcVUpbGRzLfNkv7+7APq7WiDihpXVKrgxo6wwRpRl9OQeEBgKCVk9mR7RbzrnNWC8oBw==
  dependencies:
    xmlcreate "^2.0.0"

jsdoc@^3.6.1:
  version "3.6.2"
  resolved "https://registry.yarnpkg.com/jsdoc/-/jsdoc-3.6.2.tgz#ee289fc6ba9263b7e4eceb99921179fe1c31489a"
  integrity sha512-S2vzg99C5+gb7FWlrK4TVdyzVPGGkdvpDkCEJH1JABi2PKzPeLu5/zZffcJUifgWUJqXWl41Hoc+MmuM2GukIg==
  dependencies:
    "@babel/parser" "^7.4.4"
    bluebird "^3.5.4"
    catharsis "^0.8.10"
    escape-string-regexp "^2.0.0"
    js2xmlparser "^4.0.0"
    klaw "^3.0.0"
    markdown-it "^8.4.2"
    markdown-it-anchor "^5.0.2"
    marked "^0.6.2"
    mkdirp "^0.5.1"
    requizzle "^0.2.2"
    strip-json-comments "^3.0.1"
    taffydb "2.6.2"
    underscore "~1.9.1"

json5@^1.0.1:
  version "1.0.1"
  resolved "https://registry.yarnpkg.com/json5/-/json5-1.0.1.tgz#779fb0018604fa854eacbf6252180d83543e3dbe"
  integrity sha512-aKS4WQjPenRxiQsC93MNfjx+nbF4PAdYzmd/1JIj8HYzqfbu86beTuNgXDzPknWk0n0uARlyewZo4s++ES36Ow==
  dependencies:
    minimist "^1.2.0"

klaw@^3.0.0:
  version "3.0.0"
  resolved "https://registry.yarnpkg.com/klaw/-/klaw-3.0.0.tgz#b11bec9cf2492f06756d6e809ab73a2910259146"
  integrity sha512-0Fo5oir+O9jnXu5EefYbVK+mHMBeEVEy2cmctR1O1NECcCkPRreJKrS6Qt/j3KC2C148Dfo9i3pCmCMsdqGr0g==
  dependencies:
    graceful-fs "^4.1.9"

linkify-it@^2.0.0:
  version "2.1.0"
  resolved "https://registry.yarnpkg.com/linkify-it/-/linkify-it-2.1.0.tgz#c4caf38a6cd7ac2212ef3c7d2bde30a91561f9db"
  integrity sha512-4REs8/062kV2DSHxNfq5183zrqXMl7WP0WzABH9IeJI+NLm429FgE1PDecltYfnOoFDFlZGh2T8PfZn0r+GTRg==
  dependencies:
    uc.micro "^1.0.1"

loader-utils@^1.0.2, loader-utils@^1.1.0:
  version "1.2.3"
  resolved "https://registry.yarnpkg.com/loader-utils/-/loader-utils-1.2.3.tgz#1ff5dc6911c9f0a062531a4c04b609406108c2c7"
  integrity sha512-fkpz8ejdnEMG3s37wGL07iSBDg99O9D5yflE9RGNH3hRdx9SOwYfnGYdZOUIZitN8E+E2vkq3MUMYMvPYl5ZZA==
  dependencies:
    big.js "^5.2.2"
    emojis-list "^2.0.0"
    json5 "^1.0.1"

lodash@^4.17.11:
  version "4.17.11"
  resolved "https://registry.yarnpkg.com/lodash/-/lodash-4.17.11.tgz#b39ea6229ef607ecd89e2c8df12536891cac9b8d"
  integrity sha512-cQKh8igo5QUhZ7lg38DYWAxMvjSAKG0A8wGSVimP07SIUEK2UO+arSRKbRZWtelMtN5V0Hkwh5ryOto/SshYIg==

markdown-it-anchor@^5.0.2:
  version "5.2.4"
  resolved "https://registry.yarnpkg.com/markdown-it-anchor/-/markdown-it-anchor-5.2.4.tgz#d39306fe4c199705b4479d3036842cf34dcba24f"
  integrity sha512-n8zCGjxA3T+Mx1pG8HEgbJbkB8JFUuRkeTZQuIM8iPY6oQ8sWOPRZJDFC9a/pNg2QkHEjjGkhBEl/RSyzaDZ3A==

markdown-it@^8.4.2:
  version "8.4.2"
  resolved "https://registry.yarnpkg.com/markdown-it/-/markdown-it-8.4.2.tgz#386f98998dc15a37722aa7722084f4020bdd9b54"
  integrity sha512-GcRz3AWTqSUphY3vsUqQSFMbgR38a4Lh3GWlHRh/7MRwz8mcu9n2IO7HOh+bXHrR9kOPDl5RNCaEsrneb+xhHQ==
  dependencies:
    argparse "^1.0.7"
    entities "~1.1.1"
    linkify-it "^2.0.0"
    mdurl "^1.0.1"
    uc.micro "^1.0.5"

marked@^0.6.2:
  version "0.6.2"
  resolved "https://registry.yarnpkg.com/marked/-/marked-0.6.2.tgz#c574be8b545a8b48641456ca1dbe0e37b6dccc1a"
  integrity sha512-LqxwVH3P/rqKX4EKGz7+c2G9r98WeM/SW34ybhgNGhUQNKtf1GmmSkJ6cDGJ/t6tiyae49qRkpyTw2B9HOrgUA==

mdurl@^1.0.1:
  version "1.0.1"
  resolved "https://registry.yarnpkg.com/mdurl/-/mdurl-1.0.1.tgz#fe85b2ec75a59037f2adfec100fd6c601761152e"
  integrity sha1-/oWy7HWlkDfyrf7BAP1sYBdhFS4=

minimatch@3.0.4:
  version "3.0.4"
  resolved "https://registry.yarnpkg.com/minimatch/-/minimatch-3.0.4.tgz#5166e286457f03306064be5497e8dbb0c3d32083"
  integrity sha512-yJHVQEhyqPLUTgt9B83PXu6W3rx4MvvHvSUvToogpwoGDOUQ+yDrR0HRot+yOCdCO7u4hX3pWft6kWBBcqh0UA==
  dependencies:
    brace-expansion "^1.1.7"

minimist@0.0.8:
  version "0.0.8"
  resolved "https://registry.yarnpkg.com/minimist/-/minimist-0.0.8.tgz#857fcabfc3397d2625b8228262e86aa7a011b05d"
  integrity sha1-hX/Kv8M5fSYluCKCYuhqp6ARsF0=

minimist@^1.2.0:
  version "1.2.0"
  resolved "https://registry.yarnpkg.com/minimist/-/minimist-1.2.0.tgz#a35008b20f41383eec1fb914f4cd5df79a264284"
  integrity sha1-o1AIsg9BOD7sH7kU9M1d95omQoQ=

mkdirp@^0.5.1:
  version "0.5.1"
  resolved "https://registry.yarnpkg.com/mkdirp/-/mkdirp-0.5.1.tgz#30057438eac6cf7f8c4767f38648d6697d75c903"
  integrity sha1-MAV0OOrGz3+MR2fzhkjWaX11yQM=
  dependencies:
    minimist "0.0.8"

parcel-plugin-static-files-copy@^2.1.2:
  version "2.1.2"
  resolved "https://registry.yarnpkg.com/parcel-plugin-static-files-copy/-/parcel-plugin-static-files-copy-2.1.2.tgz#d66178e47eeae1722e47a31e17df3ea5d4f9e00b"
  integrity sha512-lxlpAo+a4ldiKvutmrp5P8oC05zerrykCaUOrVjaPdEhuUYgng+3OYplvWuTq0ix0jLSfoZgvJzhsXCplKkRMg==
  dependencies:
    file-system "2.2.2"
    minimatch "3.0.4"
    path "0.12.7"

path@0.12.7, path@^0.12.7:
  version "0.12.7"
  resolved "https://registry.yarnpkg.com/path/-/path-0.12.7.tgz#d4dc2a506c4ce2197eb481ebfcd5b36c0140b10f"
  integrity sha1-1NwqUGxM4hl+tIHr/NWzbAFAsQ8=
  dependencies:
    process "^0.11.1"
    util "^0.10.3"

phaser@^3.17.0:
  version "3.17.0"
  resolved "https://registry.yarnpkg.com/phaser/-/phaser-3.17.0.tgz#9bf64a5a348c8d345dc122c5d5fc4f60d693c104"
  integrity sha512-lnpOqchC4eHkt7zDljPjGUfGi2agDhrdXPR/DdXTHSkMWywvhF6/lFIkWlyfZm6S4kmmQp4sovUYn6nrOcNKPw==
  dependencies:
    dts-dom "^3.2.0"
    eventemitter3 "^3.1.0"
    exports-loader "^0.7.0"
    imports-loader "^0.8.0"
    jsdoc "^3.6.1"
    path "^0.12.7"
    typescript "^3.4.5"

process@^0.11.1:
  version "0.11.10"
  resolved "https://registry.yarnpkg.com/process/-/process-0.11.10.tgz#7332300e840161bda3e69a1d1d91a7d4bc16f182"
  integrity sha1-czIwDoQBYb2j5podHZGn1LwW8YI=

requizzle@^0.2.2:
  version "0.2.2"
  resolved "https://registry.yarnpkg.com/requizzle/-/requizzle-0.2.2.tgz#df991c0cffbbbdde721504c1455f68f53f7c7bd1"
  integrity sha512-oJ6y7JcUJkblRGhMByGNcszeLgU0qDxNKFCiUZR1XyzHyVsev+Mxb1tyygxLd1ORsKee1SA5BInFdUwY64GE/A==
  dependencies:
    lodash "^4.17.11"

source-map@0.5.0:
  version "0.5.0"
  resolved "https://registry.yarnpkg.com/source-map/-/source-map-0.5.0.tgz#0fe96503ac86a5adb5de63f4e412ae4872cdbe86"
  integrity sha1-D+llA6yGpa213mP05BKuSHLNvoY=

source-map@^0.6.1:
  version "0.6.1"
  resolved "https://registry.yarnpkg.com/source-map/-/source-map-0.6.1.tgz#74722af32e9614e9c287a8d0bbde48b5e2f1a263"
  integrity sha512-UjgapumWlbMhkBgzT7Ykc5YXUT46F0iKu8SGXq0bcwP5dz/h0Plj6enJqjz1Zbq2l5WaqYnrVbwWOWMyF3F47g==

sprintf-js@~1.0.2:
  version "1.0.3"
  resolved "https://registry.yarnpkg.com/sprintf-js/-/sprintf-js-1.0.3.tgz#04e6926f662895354f3dd015203633b857297e2c"
  integrity sha1-BOaSb2YolTVPPdAVIDYzuFcpfiw=

strip-json-comments@^3.0.1:
  version "3.0.1"
  resolved "https://registry.yarnpkg.com/strip-json-comments/-/strip-json-comments-3.0.1.tgz#85713975a91fb87bf1b305cca77395e40d2a64a7"
  integrity sha512-VTyMAUfdm047mwKl+u79WIdrZxtFtn+nBxHeb844XBQ9uMNTuTHdx2hc5RiAJYqwTj3wc/xe5HLSdJSkJ+WfZw==

taffydb@2.6.2:
  version "2.6.2"
  resolved "https://registry.yarnpkg.com/taffydb/-/taffydb-2.6.2.tgz#7cbcb64b5a141b6a2efc2c5d2c67b4e150b2a268"
  integrity sha1-fLy2S1oUG2ou/CxdLGe04VCyomg=

typescript@^3.4.5:
  version "3.5.1"
  resolved "https://registry.yarnpkg.com/typescript/-/typescript-3.5.1.tgz#ba72a6a600b2158139c5dd8850f700e231464202"
  integrity sha512-64HkdiRv1yYZsSe4xC1WVgamNigVYjlssIoaH2HcZF0+ijsk5YK2g0G34w9wJkze8+5ow4STd22AynfO6ZYYLw==

uc.micro@^1.0.1, uc.micro@^1.0.5:
  version "1.0.6"
  resolved "https://registry.yarnpkg.com/uc.micro/-/uc.micro-1.0.6.tgz#9c411a802a409a91fc6cf74081baba34b24499ac"
  integrity sha512-8Y75pvTYkLJW2hWQHXxoqRgV7qb9B+9vFEtidML+7koHUFapnVJAZ6cKs+Qjz5Aw3aZWHMC6u0wJE3At+nSGwA==

underscore@~1.9.1:
  version "1.9.1"
  resolved "https://registry.yarnpkg.com/underscore/-/underscore-1.9.1.tgz#06dce34a0e68a7babc29b365b8e74b8925203961"
  integrity sha512-5/4etnCkd9c8gwgowi5/om/mYO5ajCaOgdzj/oW+0eQV9WxKBDZw5+ycmKmeaTXjInS/W0BzpGLo2xR2aBwZdg==

util@^0.10.3:
  version "0.10.4"
  resolved "https://registry.yarnpkg.com/util/-/util-0.10.4.tgz#3aa0125bfe668a4672de58857d3ace27ecb76901"
  integrity sha512-0Pm9hTQ3se5ll1XihRic3FDIku70C+iHUdT/W926rSgHV5QgXsYbKZN8MSC3tJtSkhuROzvsQjAaFENRXr+19A==
  dependencies:
    inherits "2.0.3"

utils-extend@^1.0.4, utils-extend@^1.0.6:
  version "1.0.8"
  resolved "https://registry.yarnpkg.com/utils-extend/-/utils-extend-1.0.8.tgz#ccfd7b64540f8e90ee21eec57769d0651cab8a5f"
  integrity sha1-zP17ZFQPjpDuIe7Fd2nQZRyril8=

xmlcreate@^2.0.0:
  version "2.0.1"
  resolved "https://registry.yarnpkg.com/xmlcreate/-/xmlcreate-2.0.1.tgz#2ec38bd7b708d213fd1a90e2431c4af9c09f6a52"
  integrity sha512-MjGsXhKG8YjTKrDCXseFo3ClbMGvUD4en29H2Cev1dv4P/chlpw6KdYmlCWDkhosBVKRDjM836+3e3pm1cBNJA==
